
Microsoft Visual Studio Solution File, Format Version 12.00
# Visual Studio Version 17
VisualStudioVersion = 17.0.32014.148
MinimumVisualStudioVersion = 10.0.40219.1
Project("{9A19103F-16F7-4668-BE54-9A1E7A4F7556}") = "Frends.Edifact.ConvertToJson", "Frends.Edifact.ConvertToJson\Frends.Edifact.ConvertToJson\Frends.Edifact.ConvertToJson.csproj", "{AB0838CD-0291-4D18-9743-44A9C474145C}"
EndProject
Project("{9A19103F-16F7-4668-BE54-9A1E7A4F7556}") = "Frends.Edifact.ConvertToJson.Tests", "Frends.Edifact.ConvertToJson\Frends.Edifact.ConvertToJson.Tests\Frends.Edifact.ConvertToJson.Tests.csproj", "{3D74A24C-D1EE-48FB-BA13-A7B6FE96EF25}"
EndProject
Project("{9A19103F-16F7-4668-BE54-9A1E7A4F7556}") = "Frends.Edifact.CreateFromJson", "Frends.Edifact.CreateFromJson\Frends.Edifact.CreateFromJson\Frends.Edifact.CreateFromJson.csproj", "{88304276-3576-4CDC-9E38-65E31F39D38E}"
EndProject
Project("{9A19103F-16F7-4668-BE54-9A1E7A4F7556}") = "Frends.Edifact.CreateFromJson.Tests", "Frends.Edifact.CreateFromJson\Frends.Edifact.CreateFromJson.Tests\Frends.Edifact.CreateFromJson.Tests.csproj", "{0C8163A5-5E55-414B-AC53-AF918DECEE60}"
EndProject
Project("{9A19103F-16F7-4668-BE54-9A1E7A4F7556}") = "Frends.Edifact.CreateFromXml", "Frends.Edifact.CreateFromXml\Frends.Edifact.CreateFromXml\Frends.Edifact.CreateFromXml.csproj", "{9E5A703F-9614-4329-A5F0-8CA305FF9174}"
EndProject
Project("{9A19103F-16F7-4668-BE54-9A1E7A4F7556}") = "Frends.Edifact.CreateFromXml.Tests", "Frends.Edifact.CreateFromXml\Frends.Edifact.CreateFromXml.Tests\Frends.Edifact.CreateFromXml.Tests.csproj", "{2011E1DA-A823-48B6-B057-37FF0C7161C9}"
EndProject
Project("{9A19103F-16F7-4668-BE54-9A1E7A4F7556}") = "Frends.Edifact.ConvertToXml", "Frends.Edifact.ConvertToXml\Frends.Edifact.ConvertToXml\Frends.Edifact.ConvertToXml.csproj", "{2B8CE656-5FD8-46EE-BCBA-B9B88DCECD86}"
EndProject
Project("{9A19103F-16F7-4668-BE54-9A1E7A4F7556}") = "Frends.Edifact.ConvertToXml.Tests", "Frends.Edifact.ConvertToXml\Frends.Edifact.ConvertToXml.Tests\Frends.Edifact.ConvertToXml.Tests.csproj", "{5D62C60C-BE35-4D4D-8171-BC07DAE42AF2}"
EndProject
Global
	GlobalSection(SolutionConfigurationPlatforms) = preSolution
		Debug|Any CPU = Debug|Any CPU
		Release|Any CPU = Release|Any CPU
	EndGlobalSection
	GlobalSection(ProjectConfigurationPlatforms) = postSolution
		{AB0838CD-0291-4D18-9743-44A9C474145C}.Debug|Any CPU.ActiveCfg = Debug|Any CPU
		{AB0838CD-0291-4D18-9743-44A9C474145C}.Debug|Any CPU.Build.0 = Debug|Any CPU
		{AB0838CD-0291-4D18-9743-44A9C474145C}.Release|Any CPU.ActiveCfg = Release|Any CPU
		{AB0838CD-0291-4D18-9743-44A9C474145C}.Release|Any CPU.Build.0 = Release|Any CPU
		{3D74A24C-D1EE-48FB-BA13-A7B6FE96EF25}.Debug|Any CPU.ActiveCfg = Debug|Any CPU
		{3D74A24C-D1EE-48FB-BA13-A7B6FE96EF25}.Debug|Any CPU.Build.0 = Debug|Any CPU
		{3D74A24C-D1EE-48FB-BA13-A7B6FE96EF25}.Release|Any CPU.ActiveCfg = Release|Any CPU
		{3D74A24C-D1EE-48FB-BA13-A7B6FE96EF25}.Release|Any CPU.Build.0 = Release|Any CPU
		{88304276-3576-4CDC-9E38-65E31F39D38E}.Debug|Any CPU.ActiveCfg = Debug|Any CPU
		{88304276-3576-4CDC-9E38-65E31F39D38E}.Debug|Any CPU.Build.0 = Debug|Any CPU
		{88304276-3576-4CDC-9E38-65E31F39D38E}.Release|Any CPU.ActiveCfg = Release|Any CPU
		{88304276-3576-4CDC-9E38-65E31F39D38E}.Release|Any CPU.Build.0 = Release|Any CPU
		{0C8163A5-5E55-414B-AC53-AF918DECEE60}.Debug|Any CPU.ActiveCfg = Debug|Any CPU
		{0C8163A5-5E55-414B-AC53-AF918DECEE60}.Debug|Any CPU.Build.0 = Debug|Any CPU
		{0C8163A5-5E55-414B-AC53-AF918DECEE60}.Release|Any CPU.ActiveCfg = Release|Any CPU
		{0C8163A5-5E55-414B-AC53-AF918DECEE60}.Release|Any CPU.Build.0 = Release|Any CPU
		{9E5A703F-9614-4329-A5F0-8CA305FF9174}.Debug|Any CPU.ActiveCfg = Debug|Any CPU
		{9E5A703F-9614-4329-A5F0-8CA305FF9174}.Debug|Any CPU.Build.0 = Debug|Any CPU
		{9E5A703F-9614-4329-A5F0-8CA305FF9174}.Release|Any CPU.ActiveCfg = Release|Any CPU
		{9E5A703F-9614-4329-A5F0-8CA305FF9174}.Release|Any CPU.Build.0 = Release|Any CPU
		{2011E1DA-A823-48B6-B057-37FF0C7161C9}.Debug|Any CPU.ActiveCfg = Debug|Any CPU
		{2011E1DA-A823-48B6-B057-37FF0C7161C9}.Debug|Any CPU.Build.0 = Debug|Any CPU
		{2011E1DA-A823-48B6-B057-37FF0C7161C9}.Release|Any CPU.ActiveCfg = Release|Any CPU
		{2011E1DA-A823-48B6-B057-37FF0C7161C9}.Release|Any CPU.Build.0 = Release|Any CPU
		{2B8CE656-5FD8-46EE-BCBA-B9B88DCECD86}.Debug|Any CPU.ActiveCfg = Debug|Any CPU
		{2B8CE656-5FD8-46EE-BCBA-B9B88DCECD86}.Debug|Any CPU.Build.0 = Debug|Any CPU
		{2B8CE656-5FD8-46EE-BCBA-B9B88DCECD86}.Release|Any CPU.ActiveCfg = Release|Any CPU
		{2B8CE656-5FD8-46EE-BCBA-B9B88DCECD86}.Release|Any CPU.Build.0 = Release|Any CPU
		{5D62C60C-BE35-4D4D-8171-BC07DAE42AF2}.Debug|Any CPU.ActiveCfg = Debug|Any CPU
		{5D62C60C-BE35-4D4D-8171-BC07DAE42AF2}.Debug|Any CPU.Build.0 = Debug|Any CPU
		{5D62C60C-BE35-4D4D-8171-BC07DAE42AF2}.Release|Any CPU.ActiveCfg = Release|Any CPU
		{5D62C60C-BE35-4D4D-8171-BC07DAE42AF2}.Release|Any CPU.Build.0 = Release|Any CPU
	EndGlobalSection
	GlobalSection(SolutionProperties) = preSolution
		HideSolutionNode = FALSE
	EndGlobalSection
	GlobalSection(ExtensibilityGlobals) = postSolution
		SolutionGuid = {74C878D2-E662-42A3-B9B0-194A4D0E25D2}
	EndGlobalSection
EndGlobal
