
Microsoft Visual Studio Solution File, Format Version 12.00
# Visual Studio Version 17
VisualStudioVersion = 17.0.32112.339
MinimumVisualStudioVersion = 10.0.40219.1
Project("{9A19103F-16F7-4668-BE54-9A1E7A4F7556}") = "Frends.Edifact.ConvertToXml", "Frends.Edifact.ConvertToXml\Frends.Edifact.ConvertToXml.csproj", "{7347C2D1-E2C0-4719-84F0-82F70E551E6E}"
EndProject
Project("{9A19103F-16F7-4668-BE54-9A1E7A4F7556}") = "Frends.Edifact.ConvertToXml.Tests", "Frends.Edifact.ConvertToXml.Tests\Frends.Edifact.ConvertToXml.Tests.csproj", "{99E5FC9D-530E-41EB-89B3-349A69A5FE1A}"
EndProject
Global
	GlobalSection(SolutionConfigurationPlatforms) = preSolution
		Debug|Any CPU = Debug|Any CPU
		Release|Any CPU = Release|Any CPU
	EndGlobalSection
	GlobalSection(ProjectConfigurationPlatforms) = postSolution
		{7347C2D1-E2C0-4719-84F0-82F70E551E6E}.Debug|Any CPU.ActiveCfg = Debug|Any CPU
		{7347C2D1-E2C0-4719-84F0-82F70E551E6E}.Debug|Any CPU.Build.0 = Debug|Any CPU
		{7347C2D1-E2C0-4719-84F0-82F70E551E6E}.Release|Any CPU.ActiveCfg = Release|Any CPU
		{7347C2D1-E2C0-4719-84F0-82F70E551E6E}.Release|Any CPU.Build.0 = Release|Any CPU
		{99E5FC9D-530E-41EB-89B3-349A69A5FE1A}.Debug|Any CPU.ActiveCfg = Debug|Any CPU
		{99E5FC9D-530E-41EB-89B3-349A69A5FE1A}.Debug|Any CPU.Build.0 = Debug|Any CPU
		{99E5FC9D-530E-41EB-89B3-349A69A5FE1A}.Release|Any CPU.ActiveCfg = Release|Any CPU
		{99E5FC9D-530E-41EB-89B3-349A69A5FE1A}.Release|Any CPU.Build.0 = Release|Any CPU
	EndGlobalSection
	GlobalSection(SolutionProperties) = preSolution
		HideSolutionNode = FALSE
	EndGlobalSection
	GlobalSection(ExtensibilityGlobals) = postSolution
		SolutionGuid = {55BC6629-85C9-48D8-8CA2-B0046AF1AF4B}
	EndGlobalSection
EndGlobal
